
Microsoft Visual Studio Solution File, Format Version 11.00
# Visual Studio 2010
Project("{FAE04EC0-301F-11D3-BF4B-00C04F79EFBC}") = "HKBprojectAR", "Assembly-CSharp.csproj", "{05AE15C5-5FC3-DD0D-1489-3138ED12E3E7}"
EndProject
Project("{FAE04EC0-301F-11D3-BF4B-00C04F79EFBC}") = "HKBprojectAR", "Assembly-CSharp-Editor.csproj", "{F7E89F3B-3795-17E7-3C4C-21384FC46A66}"
EndProject
Global
	GlobalSection(SolutionConfigurationPlatforms) = preSolution
		Debug|Any CPU = Debug|Any CPU
		Release|Any CPU = Release|Any CPU
	EndGlobalSection
	GlobalSection(ProjectConfigurationPlatforms) = postSolution
		{05AE15C5-5FC3-DD0D-1489-3138ED12E3E7}.Debug|Any CPU.ActiveCfg = Debug|Any CPU
		{05AE15C5-5FC3-DD0D-1489-3138ED12E3E7}.Debug|Any CPU.Build.0 = Debug|Any CPU
		{05AE15C5-5FC3-DD0D-1489-3138ED12E3E7}.Release|Any CPU.ActiveCfg = Release|Any CPU
		{05AE15C5-5FC3-DD0D-1489-3138ED12E3E7}.Release|Any CPU.Build.0 = Release|Any CPU
		{F7E89F3B-3795-17E7-3C4C-21384FC46A66}.Debug|Any CPU.ActiveCfg = Debug|Any CPU
		{F7E89F3B-3795-17E7-3C4C-21384FC46A66}.Debug|Any CPU.Build.0 = Debug|Any CPU
		{F7E89F3B-3795-17E7-3C4C-21384FC46A66}.Release|Any CPU.ActiveCfg = Release|Any CPU
		{F7E89F3B-3795-17E7-3C4C-21384FC46A66}.Release|Any CPU.Build.0 = Release|Any CPU
	EndGlobalSection
	GlobalSection(SolutionProperties) = preSolution
		HideSolutionNode = FALSE
	EndGlobalSection
	GlobalSection(MonoDevelopProperties) = preSolution
		StartupItem = Assembly-CSharp.csproj
	EndGlobalSection
EndGlobal
